
Microsoft Visual Studio Solution File, Format Version 12.00
# Visual Studio Version 17
VisualStudioVersion = 17.0.32112.339
MinimumVisualStudioVersion = 10.0.40219.1
Project("{2150E333-8FDC-42A3-9474-1A3956D46DE8}") = "src", "src", "{E70A9337-5066-4FAA-8210-280556097AFB}"
EndProject
Project("{2150E333-8FDC-42A3-9474-1A3956D46DE8}") = "Api", "Api", "{D65C1A1E-344D-4CEF-B275-A7825DF20D7E}"
EndProject
Project("{2150E333-8FDC-42A3-9474-1A3956D46DE8}") = "Clients", "Clients", "{7274268D-B55F-4ACF-A632-B97B2AF5D9A3}"
EndProject
Project("{2150E333-8FDC-42A3-9474-1A3956D46DE8}") = "Common", "Common", "{DF1858D7-5BF4-4D60-B6DA-930DAE16F127}"
EndProject
Project("{2150E333-8FDC-42A3-9474-1A3956D46DE8}") = "Projections", "Projections", "{9DC10D9E-955F-4CB5-AC73-BF01F94B4FEA}"
EndProject
Project("{2150E333-8FDC-42A3-9474-1A3956D46DE8}") = "Core", "Core", "{A3E73083-DD5D-4FBD-ABAC-5A7126911766}"
EndProject
Project("{2150E333-8FDC-42A3-9474-1A3956D46DE8}") = "Infrastructure", "Infrastructure", "{233E7022-6A49-43FD-91B5-3B4511B8D89D}"
EndProject
Project("{2150E333-8FDC-42A3-9474-1A3956D46DE8}") = "WebApi", "WebApi", "{A0C74FCB-4A0C-4802-B9F3-4DED153C039E}"
EndProject
Project("{2150E333-8FDC-42A3-9474-1A3956D46DE8}") = "BlazorWeb", "BlazorWeb", "{C25721BB-E979-40E2-AF82-E1547FE658A8}"
EndProject
Project("{9A19103F-16F7-4668-BE54-9A1E7A4F7556}") = "Dictionary.Common", "src\Common\Dictionary.Common\Dictionary.Common.csproj", "{A7F94A43-B5E2-4222-BD1A-023289F44111}"
EndProject
Project("{9A19103F-16F7-4668-BE54-9A1E7A4F7556}") = "Dictionary.Api.Domain", "src\Api\Core\Dictionary.Api.Domain\Dictionary.Api.Domain.csproj", "{FA592706-CA18-4E2C-9A3C-B1B811EBD4AA}"
EndProject
Project("{9A19103F-16F7-4668-BE54-9A1E7A4F7556}") = "Dictionary.Api.Application", "src\Api\Core\Dictionary.Api.Application\Dictionary.Api.Application.csproj", "{DB6B08DF-EE5E-4EE0-9245-059E1E9ED78A}"
EndProject
Project("{9A19103F-16F7-4668-BE54-9A1E7A4F7556}") = "Dictionary.Infrastructure.Persistence", "src\Api\Infrastructure\Dictionary.Infrastructure.Persistence\Dictionary.Infrastructure.Persistence.csproj", "{A8A77B4F-F48E-477F-BA46-60D2DFE905C4}"
EndProject
Project("{9A19103F-16F7-4668-BE54-9A1E7A4F7556}") = "Dictionary.Api.WebApi", "src\Api\WebApi\Dictionary.Api.WebApi\Dictionary.Api.WebApi.csproj", "{53F60FB4-8E40-4726-8FC1-87E6CEF1A79F}"
EndProject
Project("{9A19103F-16F7-4668-BE54-9A1E7A4F7556}") = "Dictionary.Projections.FavouriteService", "src\Projections\Dictionary.Projections.FavouriteService\Dictionary.Projections.FavouriteService.csproj", "{59B7347A-ED96-4724-968A-89F012B0B237}"
EndProject
Project("{9A19103F-16F7-4668-BE54-9A1E7A4F7556}") = "Dictionary.WebApp", "src\Clients\BlazorWeb\Dictionary.WebApp\Dictionary.WebApp.csproj", "{7FDE8CA2-10ED-410C-8158-9264B733A6BB}"
EndProject
Project("{FAE04EC0-301F-11D3-BF4B-00C04F79EFBC}") = "Dictionary.Projections.UserService", "src\Projections\Dictionary.Projections.UserService\Dictionary.Projections.UserService.csproj", "{8FE97838-7672-4B47-B003-8FD5C9243B09}"
EndProject
Project("{FAE04EC0-301F-11D3-BF4B-00C04F79EFBC}") = "Dictionary.Projections.VoteService", "src\Projections\Dictionary.Projections.VoteService\Dictionary.Projections.VoteService.csproj", "{0370F8AF-9C19-4CEE-B7E2-188A0CE97E6A}"
EndProject
Global
	GlobalSection(SolutionConfigurationPlatforms) = preSolution
		Debug|Any CPU = Debug|Any CPU
		Release|Any CPU = Release|Any CPU
	EndGlobalSection
	GlobalSection(ProjectConfigurationPlatforms) = postSolution
		{A7F94A43-B5E2-4222-BD1A-023289F44111}.Debug|Any CPU.ActiveCfg = Debug|Any CPU
		{A7F94A43-B5E2-4222-BD1A-023289F44111}.Debug|Any CPU.Build.0 = Debug|Any CPU
		{A7F94A43-B5E2-4222-BD1A-023289F44111}.Release|Any CPU.ActiveCfg = Release|Any CPU
		{A7F94A43-B5E2-4222-BD1A-023289F44111}.Release|Any CPU.Build.0 = Release|Any CPU
		{FA592706-CA18-4E2C-9A3C-B1B811EBD4AA}.Debug|Any CPU.ActiveCfg = Debug|Any CPU
		{FA592706-CA18-4E2C-9A3C-B1B811EBD4AA}.Debug|Any CPU.Build.0 = Debug|Any CPU
		{FA592706-CA18-4E2C-9A3C-B1B811EBD4AA}.Release|Any CPU.ActiveCfg = Release|Any CPU
		{FA592706-CA18-4E2C-9A3C-B1B811EBD4AA}.Release|Any CPU.Build.0 = Release|Any CPU
		{DB6B08DF-EE5E-4EE0-9245-059E1E9ED78A}.Debug|Any CPU.ActiveCfg = Debug|Any CPU
		{DB6B08DF-EE5E-4EE0-9245-059E1E9ED78A}.Debug|Any CPU.Build.0 = Debug|Any CPU
		{DB6B08DF-EE5E-4EE0-9245-059E1E9ED78A}.Release|Any CPU.ActiveCfg = Release|Any CPU
		{DB6B08DF-EE5E-4EE0-9245-059E1E9ED78A}.Release|Any CPU.Build.0 = Release|Any CPU
		{A8A77B4F-F48E-477F-BA46-60D2DFE905C4}.Debug|Any CPU.ActiveCfg = Debug|Any CPU
		{A8A77B4F-F48E-477F-BA46-60D2DFE905C4}.Debug|Any CPU.Build.0 = Debug|Any CPU
		{A8A77B4F-F48E-477F-BA46-60D2DFE905C4}.Release|Any CPU.ActiveCfg = Release|Any CPU
		{A8A77B4F-F48E-477F-BA46-60D2DFE905C4}.Release|Any CPU.Build.0 = Release|Any CPU
		{53F60FB4-8E40-4726-8FC1-87E6CEF1A79F}.Debug|Any CPU.ActiveCfg = Debug|Any CPU
		{53F60FB4-8E40-4726-8FC1-87E6CEF1A79F}.Debug|Any CPU.Build.0 = Debug|Any CPU
		{53F60FB4-8E40-4726-8FC1-87E6CEF1A79F}.Release|Any CPU.ActiveCfg = Release|Any CPU
		{53F60FB4-8E40-4726-8FC1-87E6CEF1A79F}.Release|Any CPU.Build.0 = Release|Any CPU
		{59B7347A-ED96-4724-968A-89F012B0B237}.Debug|Any CPU.ActiveCfg = Debug|Any CPU
		{59B7347A-ED96-4724-968A-89F012B0B237}.Debug|Any CPU.Build.0 = Debug|Any CPU
		{59B7347A-ED96-4724-968A-89F012B0B237}.Release|Any CPU.ActiveCfg = Release|Any CPU
		{59B7347A-ED96-4724-968A-89F012B0B237}.Release|Any CPU.Build.0 = Release|Any CPU
		{7FDE8CA2-10ED-410C-8158-9264B733A6BB}.Debug|Any CPU.ActiveCfg = Debug|Any CPU
		{7FDE8CA2-10ED-410C-8158-9264B733A6BB}.Debug|Any CPU.Build.0 = Debug|Any CPU
		{7FDE8CA2-10ED-410C-8158-9264B733A6BB}.Release|Any CPU.ActiveCfg = Release|Any CPU
		{7FDE8CA2-10ED-410C-8158-9264B733A6BB}.Release|Any CPU.Build.0 = Release|Any CPU
		{8FE97838-7672-4B47-B003-8FD5C9243B09}.Debug|Any CPU.ActiveCfg = Debug|Any CPU
		{8FE97838-7672-4B47-B003-8FD5C9243B09}.Debug|Any CPU.Build.0 = Debug|Any CPU
		{8FE97838-7672-4B47-B003-8FD5C9243B09}.Release|Any CPU.ActiveCfg = Release|Any CPU
		{8FE97838-7672-4B47-B003-8FD5C9243B09}.Release|Any CPU.Build.0 = Release|Any CPU
		{0370F8AF-9C19-4CEE-B7E2-188A0CE97E6A}.Debug|Any CPU.ActiveCfg = Debug|Any CPU
		{0370F8AF-9C19-4CEE-B7E2-188A0CE97E6A}.Debug|Any CPU.Build.0 = Debug|Any CPU
		{0370F8AF-9C19-4CEE-B7E2-188A0CE97E6A}.Release|Any CPU.ActiveCfg = Release|Any CPU
		{0370F8AF-9C19-4CEE-B7E2-188A0CE97E6A}.Release|Any CPU.Build.0 = Release|Any CPU
	EndGlobalSection
	GlobalSection(SolutionProperties) = preSolution
		HideSolutionNode = FALSE
	EndGlobalSection
	GlobalSection(NestedProjects) = preSolution
		{D65C1A1E-344D-4CEF-B275-A7825DF20D7E} = {E70A9337-5066-4FAA-8210-280556097AFB}
		{7274268D-B55F-4ACF-A632-B97B2AF5D9A3} = {E70A9337-5066-4FAA-8210-280556097AFB}
		{DF1858D7-5BF4-4D60-B6DA-930DAE16F127} = {E70A9337-5066-4FAA-8210-280556097AFB}
		{9DC10D9E-955F-4CB5-AC73-BF01F94B4FEA} = {E70A9337-5066-4FAA-8210-280556097AFB}
		{A3E73083-DD5D-4FBD-ABAC-5A7126911766} = {D65C1A1E-344D-4CEF-B275-A7825DF20D7E}
		{233E7022-6A49-43FD-91B5-3B4511B8D89D} = {D65C1A1E-344D-4CEF-B275-A7825DF20D7E}
		{A0C74FCB-4A0C-4802-B9F3-4DED153C039E} = {D65C1A1E-344D-4CEF-B275-A7825DF20D7E}
		{C25721BB-E979-40E2-AF82-E1547FE658A8} = {7274268D-B55F-4ACF-A632-B97B2AF5D9A3}
		{A7F94A43-B5E2-4222-BD1A-023289F44111} = {DF1858D7-5BF4-4D60-B6DA-930DAE16F127}
		{FA592706-CA18-4E2C-9A3C-B1B811EBD4AA} = {A3E73083-DD5D-4FBD-ABAC-5A7126911766}
		{DB6B08DF-EE5E-4EE0-9245-059E1E9ED78A} = {A3E73083-DD5D-4FBD-ABAC-5A7126911766}
		{A8A77B4F-F48E-477F-BA46-60D2DFE905C4} = {233E7022-6A49-43FD-91B5-3B4511B8D89D}
		{53F60FB4-8E40-4726-8FC1-87E6CEF1A79F} = {A0C74FCB-4A0C-4802-B9F3-4DED153C039E}
		{59B7347A-ED96-4724-968A-89F012B0B237} = {9DC10D9E-955F-4CB5-AC73-BF01F94B4FEA}
		{7FDE8CA2-10ED-410C-8158-9264B733A6BB} = {C25721BB-E979-40E2-AF82-E1547FE658A8}
		{8FE97838-7672-4B47-B003-8FD5C9243B09} = {9DC10D9E-955F-4CB5-AC73-BF01F94B4FEA}
		{0370F8AF-9C19-4CEE-B7E2-188A0CE97E6A} = {9DC10D9E-955F-4CB5-AC73-BF01F94B4FEA}
	EndGlobalSection
	GlobalSection(ExtensibilityGlobals) = postSolution
		SolutionGuid = {27D6C69E-C8F1-4A0E-AA54-3B2DA1F4EAB2}
	EndGlobalSection
EndGlobal
